
Microsoft Visual Studio Solution File, Format Version 12.00
# Visual Studio Version 17
VisualStudioVersion = 17.6.33801.468
MinimumVisualStudioVersion = 10.0.40219.1
Project("{9A19103F-16F7-4668-BE54-9A1E7A4F7556}") = "PANZAPI", "PANZAPI.csproj", "{F363E580-9B89-4051-86C8-F9A8D771C0E9}"
EndProject
Project("{FAE04EC0-301F-11D3-BF4B-00C04F79EFBC}") = "PANZ.Service", "..\PANZ.Service\PANZ.Service.csproj", "{36D08948-3550-47E1-8CBE-DD6939D0E883}"
EndProject
Global
	GlobalSection(SolutionConfigurationPlatforms) = preSolution
		Debug|Any CPU = Debug|Any CPU
		Release|Any CPU = Release|Any CPU
	EndGlobalSection
	GlobalSection(ProjectConfigurationPlatforms) = postSolution
		{F363E580-9B89-4051-86C8-F9A8D771C0E9}.Debug|Any CPU.ActiveCfg = Debug|Any CPU
		{F363E580-9B89-4051-86C8-F9A8D771C0E9}.Debug|Any CPU.Build.0 = Debug|Any CPU
		{F363E580-9B89-4051-86C8-F9A8D771C0E9}.Release|Any CPU.ActiveCfg = Release|Any CPU
		{F363E580-9B89-4051-86C8-F9A8D771C0E9}.Release|Any CPU.Build.0 = Release|Any CPU
		{36D08948-3550-47E1-8CBE-DD6939D0E883}.Debug|Any CPU.ActiveCfg = Debug|Any CPU
		{36D08948-3550-47E1-8CBE-DD6939D0E883}.Debug|Any CPU.Build.0 = Debug|Any CPU
		{36D08948-3550-47E1-8CBE-DD6939D0E883}.Release|Any CPU.ActiveCfg = Release|Any CPU
		{36D08948-3550-47E1-8CBE-DD6939D0E883}.Release|Any CPU.Build.0 = Release|Any CPU
	EndGlobalSection
	GlobalSection(SolutionProperties) = preSolution
		HideSolutionNode = FALSE
	EndGlobalSection
	GlobalSection(ExtensibilityGlobals) = postSolution
		SolutionGuid = {2E4C4653-F6D9-4ED3-93E5-E0D9B3F4BA94}
	EndGlobalSection
EndGlobal
