
Microsoft Visual Studio Solution File, Format Version 12.00
# Visual Studio Version 17
VisualStudioVersion = 17.6.33801.468
MinimumVisualStudioVersion = 10.0.40219.1
Project("{9A19103F-16F7-4668-BE54-9A1E7A4F7556}") = "PANZ.Service", "PANZ.Service.csproj", "{A3E51636-6E58-4417-8D3B-741A770C67EB}"
EndProject
Global
	GlobalSection(SolutionConfigurationPlatforms) = preSolution
		Debug|Any CPU = Debug|Any CPU
		Release|Any CPU = Release|Any CPU
	EndGlobalSection
	GlobalSection(ProjectConfigurationPlatforms) = postSolution
		{A3E51636-6E58-4417-8D3B-741A770C67EB}.Debug|Any CPU.ActiveCfg = Debug|Any CPU
		{A3E51636-6E58-4417-8D3B-741A770C67EB}.Debug|Any CPU.Build.0 = Debug|Any CPU
		{A3E51636-6E58-4417-8D3B-741A770C67EB}.Release|Any CPU.ActiveCfg = Release|Any CPU
		{A3E51636-6E58-4417-8D3B-741A770C67EB}.Release|Any CPU.Build.0 = Release|Any CPU
	EndGlobalSection
	GlobalSection(SolutionProperties) = preSolution
		HideSolutionNode = FALSE
	EndGlobalSection
	GlobalSection(ExtensibilityGlobals) = postSolution
		SolutionGuid = {48A416B5-143D-4D20-BAA0-6A82F5FF2977}
	EndGlobalSection
EndGlobal
